
Microsoft Visual Studio Solution File, Format Version 12.00
# Visual Studio Version 16
VisualStudioVersion = 16.0.29911.84
MinimumVisualStudioVersion = 10.0.40219.1
Project("{FAE04EC0-301F-11D3-BF4B-00C04F79EFBC}") = "OpenCloseExercise", "OpenCloseExercise\OpenCloseExercise.csproj", "{126B0136-D22F-4EDD-8687-2F88092BB714}"
EndProject
Global
	GlobalSection(SolutionConfigurationPlatforms) = preSolution
		Debug|Any CPU = Debug|Any CPU
		Release|Any CPU = Release|Any CPU
	EndGlobalSection
	GlobalSection(ProjectConfigurationPlatforms) = postSolution
		{126B0136-D22F-4EDD-8687-2F88092BB714}.Debug|Any CPU.ActiveCfg = Debug|Any CPU
		{126B0136-D22F-4EDD-8687-2F88092BB714}.Debug|Any CPU.Build.0 = Debug|Any CPU
		{126B0136-D22F-4EDD-8687-2F88092BB714}.Release|Any CPU.ActiveCfg = Release|Any CPU
		{126B0136-D22F-4EDD-8687-2F88092BB714}.Release|Any CPU.Build.0 = Release|Any CPU
	EndGlobalSection
	GlobalSection(SolutionProperties) = preSolution
		HideSolutionNode = FALSE
	EndGlobalSection
	GlobalSection(ExtensibilityGlobals) = postSolution
		SolutionGuid = {E18AB567-E8D7-4F74-BE9C-5605C0B7D3D0}
	EndGlobalSection
EndGlobal
