
Microsoft Visual Studio Solution File, Format Version 12.00
# Visual Studio Version 17
VisualStudioVersion = 17.13.35913.81 d17.13
MinimumVisualStudioVersion = 10.0.40219.1
Project("{FAE04EC0-301F-11D3-BF4B-00C04F79EFBC}") = "Examen_Chapitre_3_C", "Examen_Chapitre_3_C\Examen_Chapitre_3_C.csproj", "{90172481-735C-4A8A-ACB1-465C1DA11107}"
EndProject
Global
	GlobalSection(SolutionConfigurationPlatforms) = preSolution
		Debug|Any CPU = Debug|Any CPU
		Release|Any CPU = Release|Any CPU
	EndGlobalSection
	GlobalSection(ProjectConfigurationPlatforms) = postSolution
		{90172481-735C-4A8A-ACB1-465C1DA11107}.Debug|Any CPU.ActiveCfg = Debug|Any CPU
		{90172481-735C-4A8A-ACB1-465C1DA11107}.Debug|Any CPU.Build.0 = Debug|Any CPU
		{90172481-735C-4A8A-ACB1-465C1DA11107}.Release|Any CPU.ActiveCfg = Release|Any CPU
		{90172481-735C-4A8A-ACB1-465C1DA11107}.Release|Any CPU.Build.0 = Release|Any CPU
	EndGlobalSection
	GlobalSection(SolutionProperties) = preSolution
		HideSolutionNode = FALSE
	EndGlobalSection
	GlobalSection(ExtensibilityGlobals) = postSolution
		SolutionGuid = {ED1C90E4-54A4-4A4C-91ED-8AABCB0856BA}
	EndGlobalSection
EndGlobal
