
Microsoft Visual Studio Solution File, Format Version 12.00
# Visual Studio Version 17
VisualStudioVersion = 17.13.35913.81 d17.13
MinimumVisualStudioVersion = 10.0.40219.1
Project("{FAE04EC0-301F-11D3-BF4B-00C04F79EFBC}") = "Examen_Chapitre_3_A", "Examen_Chapitre_3\Examen_Chapitre_3_A.csproj", "{B473A20B-B3E2-4145-BBFD-463C0EAAAF3E}"
EndProject
Global
	GlobalSection(SolutionConfigurationPlatforms) = preSolution
		Debug|Any CPU = Debug|Any CPU
		Release|Any CPU = Release|Any CPU
	EndGlobalSection
	GlobalSection(ProjectConfigurationPlatforms) = postSolution
		{B473A20B-B3E2-4145-BBFD-463C0EAAAF3E}.Debug|Any CPU.ActiveCfg = Debug|Any CPU
		{B473A20B-B3E2-4145-BBFD-463C0EAAAF3E}.Debug|Any CPU.Build.0 = Debug|Any CPU
		{B473A20B-B3E2-4145-BBFD-463C0EAAAF3E}.Release|Any CPU.ActiveCfg = Release|Any CPU
		{B473A20B-B3E2-4145-BBFD-463C0EAAAF3E}.Release|Any CPU.Build.0 = Release|Any CPU
	EndGlobalSection
	GlobalSection(SolutionProperties) = preSolution
		HideSolutionNode = FALSE
	EndGlobalSection
	GlobalSection(ExtensibilityGlobals) = postSolution
		SolutionGuid = {A4639F77-5331-430C-B5DC-16CB331BB21A}
	EndGlobalSection
EndGlobal
