
Microsoft Visual Studio Solution File, Format Version 12.00
# Visual Studio Version 17
VisualStudioVersion = 17.13.35828.75 d17.13
MinimumVisualStudioVersion = 10.0.40219.1
Project("{FAE04EC0-301F-11D3-BF4B-00C04F79EFBC}") = "intro_WPF", "intro_WPF\intro_WPF.csproj", "{6AD00E53-3AC7-4C7C-91EB-ED956FFB097C}"
EndProject
Global
	GlobalSection(SolutionConfigurationPlatforms) = preSolution
		Debug|Any CPU = Debug|Any CPU
		Release|Any CPU = Release|Any CPU
	EndGlobalSection
	GlobalSection(ProjectConfigurationPlatforms) = postSolution
		{6AD00E53-3AC7-4C7C-91EB-ED956FFB097C}.Debug|Any CPU.ActiveCfg = Debug|Any CPU
		{6AD00E53-3AC7-4C7C-91EB-ED956FFB097C}.Debug|Any CPU.Build.0 = Debug|Any CPU
		{6AD00E53-3AC7-4C7C-91EB-ED956FFB097C}.Release|Any CPU.ActiveCfg = Release|Any CPU
		{6AD00E53-3AC7-4C7C-91EB-ED956FFB097C}.Release|Any CPU.Build.0 = Release|Any CPU
	EndGlobalSection
	GlobalSection(SolutionProperties) = preSolution
		HideSolutionNode = FALSE
	EndGlobalSection
	GlobalSection(ExtensibilityGlobals) = postSolution
		SolutionGuid = {B9A194B3-68ED-40D5-AB93-5954194C10FE}
	EndGlobalSection
EndGlobal
